
Microsoft Visual Studio Solution File, Format Version 12.00
# Visual Studio 15
VisualStudioVersion = 15.0.26430.6
MinimumVisualStudioVersion = 10.0.40219.1
Project("{2150E333-8FDC-42A3-9474-1A3956D46DE8}") = "src", "src", "{148A131E-9B31-42A7-9043-004954218C0A}"
EndProject
Project("{2150E333-8FDC-42A3-9474-1A3956D46DE8}") = "test", "test", "{E1CB0C26-CFBE-4D30-AD4D-C72DF5754AD4}"
EndProject
Project("{2150E333-8FDC-42A3-9474-1A3956D46DE8}") = "Solution Items", "Solution Items", "{E5100451-7A96-47C0-956C-AAAFA691A2BE}"
	ProjectSection(SolutionItems) = preProject
		appveyor.yml = appveyor.yml
		coverage.sh = coverage.sh
		coveralls.sh = coveralls.sh
		LICENSE = LICENSE
		README.md = README.md
	EndProjectSection
EndProject
Project("{9A19103F-16F7-4668-BE54-9A1E7A4F7556}") = "Hystrix.Dotnet", "src\Hystrix.Dotnet\Hystrix.Dotnet.csproj", "{558EF94D-0BB1-4284-91CF-7D96576A42D1}"
EndProject
Project("{9A19103F-16F7-4668-BE54-9A1E7A4F7556}") = "Hystrix.Dotnet.UnitTests", "test\Hystrix.Dotnet.UnitTests\Hystrix.Dotnet.UnitTests.csproj", "{18E713D1-AD8D-4ACA-AC55-62F677323C08}"
EndProject
Project("{9A19103F-16F7-4668-BE54-9A1E7A4F7556}") = "Hystrix.Dotnet.AspNet", "src\Hystrix.Dotnet.AspNet\Hystrix.Dotnet.AspNet.csproj", "{E0E8F4F2-1930-4C66-9509-8444B352FAC1}"
EndProject
Project("{9A19103F-16F7-4668-BE54-9A1E7A4F7556}") = "Hystrix.Dotnet.AspNetCore", "src\Hystrix.Dotnet.AspNetCore\Hystrix.Dotnet.AspNetCore.csproj", "{96FC26C5-4215-481F-9A1E-C1D454E64E0A}"
EndProject
Project("{9A19103F-16F7-4668-BE54-9A1E7A4F7556}") = "Hystrix.Dotnet.AspNet.UnitTests", "test\Hystrix.Dotnet.AspNet.UnitTests\Hystrix.Dotnet.AspNet.UnitTests.csproj", "{5C173CA4-1EFE-4658-96DE-E10FB6802E0A}"
EndProject
Project("{9A19103F-16F7-4668-BE54-9A1E7A4F7556}") = "Hystrix.Dotnet.AspNetCore.UnitTests", "test\Hystrix.Dotnet.AspNetCore.UnitTests\Hystrix.Dotnet.AspNetCore.UnitTests.csproj", "{204D1A1D-B09C-494E-999D-6BBCB6A69DC0}"
EndProject
Global
	GlobalSection(SolutionConfigurationPlatforms) = preSolution
		Debug|Any CPU = Debug|Any CPU
		Release|Any CPU = Release|Any CPU
	EndGlobalSection
	GlobalSection(ProjectConfigurationPlatforms) = postSolution
		{558EF94D-0BB1-4284-91CF-7D96576A42D1}.Debug|Any CPU.ActiveCfg = Debug|Any CPU
		{558EF94D-0BB1-4284-91CF-7D96576A42D1}.Debug|Any CPU.Build.0 = Debug|Any CPU
		{558EF94D-0BB1-4284-91CF-7D96576A42D1}.Release|Any CPU.ActiveCfg = Release|Any CPU
		{558EF94D-0BB1-4284-91CF-7D96576A42D1}.Release|Any CPU.Build.0 = Release|Any CPU
		{18E713D1-AD8D-4ACA-AC55-62F677323C08}.Debug|Any CPU.ActiveCfg = Debug|Any CPU
		{18E713D1-AD8D-4ACA-AC55-62F677323C08}.Debug|Any CPU.Build.0 = Debug|Any CPU
		{18E713D1-AD8D-4ACA-AC55-62F677323C08}.Release|Any CPU.ActiveCfg = Release|Any CPU
		{18E713D1-AD8D-4ACA-AC55-62F677323C08}.Release|Any CPU.Build.0 = Release|Any CPU
		{E0E8F4F2-1930-4C66-9509-8444B352FAC1}.Debug|Any CPU.ActiveCfg = Debug|Any CPU
		{E0E8F4F2-1930-4C66-9509-8444B352FAC1}.Debug|Any CPU.Build.0 = Debug|Any CPU
		{E0E8F4F2-1930-4C66-9509-8444B352FAC1}.Release|Any CPU.ActiveCfg = Release|Any CPU
		{E0E8F4F2-1930-4C66-9509-8444B352FAC1}.Release|Any CPU.Build.0 = Release|Any CPU
		{96FC26C5-4215-481F-9A1E-C1D454E64E0A}.Debug|Any CPU.ActiveCfg = Debug|Any CPU
		{96FC26C5-4215-481F-9A1E-C1D454E64E0A}.Debug|Any CPU.Build.0 = Debug|Any CPU
		{96FC26C5-4215-481F-9A1E-C1D454E64E0A}.Release|Any CPU.ActiveCfg = Release|Any CPU
		{96FC26C5-4215-481F-9A1E-C1D454E64E0A}.Release|Any CPU.Build.0 = Release|Any CPU
		{5C173CA4-1EFE-4658-96DE-E10FB6802E0A}.Debug|Any CPU.ActiveCfg = Debug|Any CPU
		{5C173CA4-1EFE-4658-96DE-E10FB6802E0A}.Debug|Any CPU.Build.0 = Debug|Any CPU
		{5C173CA4-1EFE-4658-96DE-E10FB6802E0A}.Release|Any CPU.ActiveCfg = Release|Any CPU
		{5C173CA4-1EFE-4658-96DE-E10FB6802E0A}.Release|Any CPU.Build.0 = Release|Any CPU
		{204D1A1D-B09C-494E-999D-6BBCB6A69DC0}.Debug|Any CPU.ActiveCfg = Debug|Any CPU
		{204D1A1D-B09C-494E-999D-6BBCB6A69DC0}.Debug|Any CPU.Build.0 = Debug|Any CPU
		{204D1A1D-B09C-494E-999D-6BBCB6A69DC0}.Release|Any CPU.ActiveCfg = Release|Any CPU
		{204D1A1D-B09C-494E-999D-6BBCB6A69DC0}.Release|Any CPU.Build.0 = Release|Any CPU
	EndGlobalSection
	GlobalSection(SolutionProperties) = preSolution
		HideSolutionNode = FALSE
	EndGlobalSection
	GlobalSection(NestedProjects) = preSolution
		{558EF94D-0BB1-4284-91CF-7D96576A42D1} = {148A131E-9B31-42A7-9043-004954218C0A}
		{18E713D1-AD8D-4ACA-AC55-62F677323C08} = {E1CB0C26-CFBE-4D30-AD4D-C72DF5754AD4}
		{E0E8F4F2-1930-4C66-9509-8444B352FAC1} = {148A131E-9B31-42A7-9043-004954218C0A}
		{96FC26C5-4215-481F-9A1E-C1D454E64E0A} = {148A131E-9B31-42A7-9043-004954218C0A}
		{5C173CA4-1EFE-4658-96DE-E10FB6802E0A} = {E1CB0C26-CFBE-4D30-AD4D-C72DF5754AD4}
		{204D1A1D-B09C-494E-999D-6BBCB6A69DC0} = {E1CB0C26-CFBE-4D30-AD4D-C72DF5754AD4}
	EndGlobalSection
EndGlobal
