
Microsoft Visual Studio Solution File, Format Version 12.00
# Visual Studio 15
VisualStudioVersion = 15.0.27004.2010
MinimumVisualStudioVersion = 10.0.40219.1
Project("{2150E333-8FDC-42A3-9474-1A3956D46DE8}") = "src", "src", "{148A131E-9B31-42A7-9043-004954218C0A}"
EndProject
Project("{2150E333-8FDC-42A3-9474-1A3956D46DE8}") = "test", "test", "{E1CB0C26-CFBE-4D30-AD4D-C72DF5754AD4}"
EndProject
Project("{2150E333-8FDC-42A3-9474-1A3956D46DE8}") = "Solution Items", "Solution Items", "{E5100451-7A96-47C0-956C-AAAFA691A2BE}"
	ProjectSection(SolutionItems) = preProject
		appveyor.yml = appveyor.yml
		coverage.sh = coverage.sh
		coveralls.sh = coveralls.sh
		LICENSE = LICENSE
		README.md = README.md
	EndProjectSection
EndProject
Project("{9A19103F-16F7-4668-BE54-9A1E7A4F7556}") = "Hystrix.Dotnet", "src\Hystrix.Dotnet\Hystrix.Dotnet.csproj", "{558EF94D-0BB1-4284-91CF-7D96576A42D1}"
EndProject
Project("{9A19103F-16F7-4668-BE54-9A1E7A4F7556}") = "Hystrix.Dotnet.UnitTests", "test\Hystrix.Dotnet.UnitTests\Hystrix.Dotnet.UnitTests.csproj", "{18E713D1-AD8D-4ACA-AC55-62F677323C08}"
EndProject
Project("{9A19103F-16F7-4668-BE54-9A1E7A4F7556}") = "Hystrix.Dotnet.AspNet", "src\Hystrix.Dotnet.AspNet\Hystrix.Dotnet.AspNet.csproj", "{E0E8F4F2-1930-4C66-9509-8444B352FAC1}"
EndProject
Project("{9A19103F-16F7-4668-BE54-9A1E7A4F7556}") = "Hystrix.Dotnet.AspNetCore", "src\Hystrix.Dotnet.AspNetCore\Hystrix.Dotnet.AspNetCore.csproj", "{96FC26C5-4215-481F-9A1E-C1D454E64E0A}"
EndProject
Project("{9A19103F-16F7-4668-BE54-9A1E7A4F7556}") = "Hystrix.Dotnet.AspNet.UnitTests", "test\Hystrix.Dotnet.AspNet.UnitTests\Hystrix.Dotnet.AspNet.UnitTests.csproj", "{5C173CA4-1EFE-4658-96DE-E10FB6802E0A}"
EndProject
Project("{9A19103F-16F7-4668-BE54-9A1E7A4F7556}") = "Hystrix.Dotnet.AspNetCore.UnitTests", "test\Hystrix.Dotnet.AspNetCore.UnitTests\Hystrix.Dotnet.AspNetCore.UnitTests.csproj", "{204D1A1D-B09C-494E-999D-6BBCB6A69DC0}"
EndProject
Project("{9A19103F-16F7-4668-BE54-9A1E7A4F7556}") = "Hystrix.Dotnet.Owin", "src\Hystrix.Dotnet.Owin\Hystrix.Dotnet.Owin.csproj", "{A87BD416-04E6-46D1-8391-388A6EC78A76}"
EndProject
Project("{9A19103F-16F7-4668-BE54-9A1E7A4F7556}") = "Hystrix.Dotnet.WebConfiguration", "src\Hystrix.Dotnet.WebConfiguration\Hystrix.Dotnet.WebConfiguration.csproj", "{022AF60C-5950-4FE1-BF64-53F5BDF505A1}"
EndProject
Project("{9A19103F-16F7-4668-BE54-9A1E7A4F7556}") = "Hystrix.Dotnet.WebConfiguration.UnitTests", "test\Hystrix.Dotnet.WebConfiguration.UnitTests\Hystrix.Dotnet.WebConfiguration.UnitTests.csproj", "{B25E6D7C-D97A-419A-A3CF-1B49675B6BDF}"
EndProject
Project("{2150E333-8FDC-42A3-9474-1A3956D46DE8}") = "samples", "samples", "{8E7B5B99-5040-41F4-A79B-804D5954B874}"
EndProject
Project("{9A19103F-16F7-4668-BE54-9A1E7A4F7556}") = "Hystrix.Dotnet.Samples.Owin", "samples\Hystrix.Dotnet.Samples.Owin\Hystrix.Dotnet.Samples.Owin.csproj", "{0B27395A-8391-4077-805E-E7CBCBAE2152}"
EndProject
Project("{2150E333-8FDC-42A3-9474-1A3956D46DE8}") = "common", "common", "{895C2BB2-C54B-44DC-82E6-A2ADDE94D6F4}"
EndProject
Project("{9A19103F-16F7-4668-BE54-9A1E7A4F7556}") = "Hystrix.Dotnet.Samples.AspNetCore", "samples\Hystrix.Dotnet.Samples.AspNetCore\Hystrix.Dotnet.Samples.AspNetCore.csproj", "{89E7E92C-5C0C-47D8-8D4E-12B194B52C1C}"
EndProject
Project("{FAE04EC0-301F-11D3-BF4B-00C04F79EFBC}") = "Hystrix.Dotnet.Samples.AspNet", "samples\Hystrix.Dotnet.Samples.AspNet\Hystrix.Dotnet.Samples.AspNet\Hystrix.Dotnet.Samples.AspNet.csproj", "{8FA6FAC4-4B5D-4846-8D85-11FF0F1FB5B1}"
EndProject
Global
	GlobalSection(SolutionConfigurationPlatforms) = preSolution
		Debug|Any CPU = Debug|Any CPU
		Release|Any CPU = Release|Any CPU
	EndGlobalSection
	GlobalSection(ProjectConfigurationPlatforms) = postSolution
		{558EF94D-0BB1-4284-91CF-7D96576A42D1}.Debug|Any CPU.ActiveCfg = Debug|Any CPU
		{558EF94D-0BB1-4284-91CF-7D96576A42D1}.Debug|Any CPU.Build.0 = Debug|Any CPU
		{558EF94D-0BB1-4284-91CF-7D96576A42D1}.Release|Any CPU.ActiveCfg = Release|Any CPU
		{558EF94D-0BB1-4284-91CF-7D96576A42D1}.Release|Any CPU.Build.0 = Release|Any CPU
		{18E713D1-AD8D-4ACA-AC55-62F677323C08}.Debug|Any CPU.ActiveCfg = Debug|Any CPU
		{18E713D1-AD8D-4ACA-AC55-62F677323C08}.Debug|Any CPU.Build.0 = Debug|Any CPU
		{18E713D1-AD8D-4ACA-AC55-62F677323C08}.Release|Any CPU.ActiveCfg = Release|Any CPU
		{18E713D1-AD8D-4ACA-AC55-62F677323C08}.Release|Any CPU.Build.0 = Release|Any CPU
		{E0E8F4F2-1930-4C66-9509-8444B352FAC1}.Debug|Any CPU.ActiveCfg = Debug|Any CPU
		{E0E8F4F2-1930-4C66-9509-8444B352FAC1}.Debug|Any CPU.Build.0 = Debug|Any CPU
		{E0E8F4F2-1930-4C66-9509-8444B352FAC1}.Release|Any CPU.ActiveCfg = Release|Any CPU
		{E0E8F4F2-1930-4C66-9509-8444B352FAC1}.Release|Any CPU.Build.0 = Release|Any CPU
		{96FC26C5-4215-481F-9A1E-C1D454E64E0A}.Debug|Any CPU.ActiveCfg = Debug|Any CPU
		{96FC26C5-4215-481F-9A1E-C1D454E64E0A}.Debug|Any CPU.Build.0 = Debug|Any CPU
		{96FC26C5-4215-481F-9A1E-C1D454E64E0A}.Release|Any CPU.ActiveCfg = Release|Any CPU
		{96FC26C5-4215-481F-9A1E-C1D454E64E0A}.Release|Any CPU.Build.0 = Release|Any CPU
		{5C173CA4-1EFE-4658-96DE-E10FB6802E0A}.Debug|Any CPU.ActiveCfg = Debug|Any CPU
		{5C173CA4-1EFE-4658-96DE-E10FB6802E0A}.Debug|Any CPU.Build.0 = Debug|Any CPU
		{5C173CA4-1EFE-4658-96DE-E10FB6802E0A}.Release|Any CPU.ActiveCfg = Release|Any CPU
		{5C173CA4-1EFE-4658-96DE-E10FB6802E0A}.Release|Any CPU.Build.0 = Release|Any CPU
		{204D1A1D-B09C-494E-999D-6BBCB6A69DC0}.Debug|Any CPU.ActiveCfg = Debug|Any CPU
		{204D1A1D-B09C-494E-999D-6BBCB6A69DC0}.Debug|Any CPU.Build.0 = Debug|Any CPU
		{204D1A1D-B09C-494E-999D-6BBCB6A69DC0}.Release|Any CPU.ActiveCfg = Release|Any CPU
		{204D1A1D-B09C-494E-999D-6BBCB6A69DC0}.Release|Any CPU.Build.0 = Release|Any CPU
		{A87BD416-04E6-46D1-8391-388A6EC78A76}.Debug|Any CPU.ActiveCfg = Debug|Any CPU
		{A87BD416-04E6-46D1-8391-388A6EC78A76}.Debug|Any CPU.Build.0 = Debug|Any CPU
		{A87BD416-04E6-46D1-8391-388A6EC78A76}.Release|Any CPU.ActiveCfg = Release|Any CPU
		{A87BD416-04E6-46D1-8391-388A6EC78A76}.Release|Any CPU.Build.0 = Release|Any CPU
		{022AF60C-5950-4FE1-BF64-53F5BDF505A1}.Debug|Any CPU.ActiveCfg = Debug|Any CPU
		{022AF60C-5950-4FE1-BF64-53F5BDF505A1}.Debug|Any CPU.Build.0 = Debug|Any CPU
		{022AF60C-5950-4FE1-BF64-53F5BDF505A1}.Release|Any CPU.ActiveCfg = Release|Any CPU
		{022AF60C-5950-4FE1-BF64-53F5BDF505A1}.Release|Any CPU.Build.0 = Release|Any CPU
		{B25E6D7C-D97A-419A-A3CF-1B49675B6BDF}.Debug|Any CPU.ActiveCfg = Debug|Any CPU
		{B25E6D7C-D97A-419A-A3CF-1B49675B6BDF}.Debug|Any CPU.Build.0 = Debug|Any CPU
		{B25E6D7C-D97A-419A-A3CF-1B49675B6BDF}.Release|Any CPU.ActiveCfg = Release|Any CPU
		{B25E6D7C-D97A-419A-A3CF-1B49675B6BDF}.Release|Any CPU.Build.0 = Release|Any CPU
		{0B27395A-8391-4077-805E-E7CBCBAE2152}.Debug|Any CPU.ActiveCfg = Debug|Any CPU
		{0B27395A-8391-4077-805E-E7CBCBAE2152}.Debug|Any CPU.Build.0 = Debug|Any CPU
		{0B27395A-8391-4077-805E-E7CBCBAE2152}.Release|Any CPU.ActiveCfg = Release|Any CPU
		{0B27395A-8391-4077-805E-E7CBCBAE2152}.Release|Any CPU.Build.0 = Release|Any CPU
		{89E7E92C-5C0C-47D8-8D4E-12B194B52C1C}.Debug|Any CPU.ActiveCfg = Debug|Any CPU
		{89E7E92C-5C0C-47D8-8D4E-12B194B52C1C}.Debug|Any CPU.Build.0 = Debug|Any CPU
		{89E7E92C-5C0C-47D8-8D4E-12B194B52C1C}.Release|Any CPU.ActiveCfg = Release|Any CPU
		{89E7E92C-5C0C-47D8-8D4E-12B194B52C1C}.Release|Any CPU.Build.0 = Release|Any CPU
		{8FA6FAC4-4B5D-4846-8D85-11FF0F1FB5B1}.Debug|Any CPU.ActiveCfg = Debug|Any CPU
		{8FA6FAC4-4B5D-4846-8D85-11FF0F1FB5B1}.Debug|Any CPU.Build.0 = Debug|Any CPU
		{8FA6FAC4-4B5D-4846-8D85-11FF0F1FB5B1}.Release|Any CPU.ActiveCfg = Release|Any CPU
		{8FA6FAC4-4B5D-4846-8D85-11FF0F1FB5B1}.Release|Any CPU.Build.0 = Release|Any CPU
	EndGlobalSection
	GlobalSection(SolutionProperties) = preSolution
		HideSolutionNode = FALSE
	EndGlobalSection
	GlobalSection(NestedProjects) = preSolution
		{558EF94D-0BB1-4284-91CF-7D96576A42D1} = {148A131E-9B31-42A7-9043-004954218C0A}
		{18E713D1-AD8D-4ACA-AC55-62F677323C08} = {E1CB0C26-CFBE-4D30-AD4D-C72DF5754AD4}
		{E0E8F4F2-1930-4C66-9509-8444B352FAC1} = {148A131E-9B31-42A7-9043-004954218C0A}
		{96FC26C5-4215-481F-9A1E-C1D454E64E0A} = {148A131E-9B31-42A7-9043-004954218C0A}
		{5C173CA4-1EFE-4658-96DE-E10FB6802E0A} = {E1CB0C26-CFBE-4D30-AD4D-C72DF5754AD4}
		{204D1A1D-B09C-494E-999D-6BBCB6A69DC0} = {E1CB0C26-CFBE-4D30-AD4D-C72DF5754AD4}
		{A87BD416-04E6-46D1-8391-388A6EC78A76} = {148A131E-9B31-42A7-9043-004954218C0A}
		{022AF60C-5950-4FE1-BF64-53F5BDF505A1} = {148A131E-9B31-42A7-9043-004954218C0A}
		{B25E6D7C-D97A-419A-A3CF-1B49675B6BDF} = {E1CB0C26-CFBE-4D30-AD4D-C72DF5754AD4}
		{0B27395A-8391-4077-805E-E7CBCBAE2152} = {8E7B5B99-5040-41F4-A79B-804D5954B874}
		{89E7E92C-5C0C-47D8-8D4E-12B194B52C1C} = {8E7B5B99-5040-41F4-A79B-804D5954B874}
		{8FA6FAC4-4B5D-4846-8D85-11FF0F1FB5B1} = {8E7B5B99-5040-41F4-A79B-804D5954B874}
	EndGlobalSection
	GlobalSection(ExtensibilityGlobals) = postSolution
		SolutionGuid = {17C13872-5204-4DA2-974C-A9DA56B838A4}
	EndGlobalSection
EndGlobal
